// !$*UTF8*$!
{
	archiveVersion = 1;
	classes = {
	};
	objectVersion = 46;
	objects = {

/* Begin PBXBuildFile section */
		76DFED9A1D65297E0073136C /* Main.storyboard in Resources */ = {isa = PBXBuildFile; fileRef = 76DFED981D65297E0073136C /* Main.storyboard */; };
		76DFEDA61D680CBE0073136C /* Images.xcassets in Resources */ = {isa = PBXBuildFile; fileRef = 76DFEDA51D680CBE0073136C /* Images.xcassets */; };
		76DFEDA81D69069B0073136C /* ViewController.swift.bak in Resources */ = {isa = PBXBuildFile; fileRef = 76DFEDA71D69069B0073136C /* ViewController.swift.bak */; };
		C089C49419E90B910084D830 /* BTService.swift in Sources */ = {isa = PBXBuildFile; fileRef = C089C49319E90B910084D830 /* BTService.swift */; };
		C0BACECB19D3027000DF2DB8 /* AppDelegate.swift in Sources */ = {isa = PBXBuildFile; fileRef = C0BACECA19D3027000DF2DB8 /* AppDelegate.swift */; };
		C0BACECD19D3027000DF2DB8 /* ViewController.swift in Sources */ = {isa = PBXBuildFile; fileRef = C0BACECC19D3027000DF2DB8 /* ViewController.swift */; };
		C0BACEEE19D30D2600DF2DB8 /* BTDiscovery.swift in Sources */ = {isa = PBXBuildFile; fileRef = C0BACEED19D30D2600DF2DB8 /* BTDiscovery.swift */; };
/* End PBXBuildFile section */

/* Begin PBXFileReference section */
		76DFED991D65297E0073136C /* Base */ = {isa = PBXFileReference; lastKnownFileType = file.storyboard; name = Base; path = Base.lproj/Main.storyboard; sourceTree = "<group>"; };
		76DFEDA51D680CBE0073136C /* Images.xcassets */ = {isa = PBXFileReference; lastKnownFileType = folder.assetcatalog; name = Images.xcassets; path = Images.xcassets/Images.xcassets; sourceTree = "<group>"; };
		76DFEDA71D69069B0073136C /* ViewController.swift.bak */ = {isa = PBXFileReference; fileEncoding = 4; lastKnownFileType = text; path = ViewController.swift.bak; sourceTree = "<group>"; };
		C089C49319E90B910084D830 /* BTService.swift */ = {isa = PBXFileReference; fileEncoding = 4; lastKnownFileType = sourcecode.swift; name = BTService.swift; path = Classes/BTService.swift; sourceTree = "<group>"; };
		C0BACEC519D3027000DF2DB8 /* Arduino_Servo.app */ = {isa = PBXFileReference; explicitFileType = wrapper.application; includeInIndex = 0; path = Arduino_Servo.app; sourceTree = BUILT_PRODUCTS_DIR; };
		C0BACEC919D3027000DF2DB8 /* Info.plist */ = {isa = PBXFileReference; lastKnownFileType = text.plist.xml; path = Info.plist; sourceTree = "<group>"; };
		C0BACECA19D3027000DF2DB8 /* AppDelegate.swift */ = {isa = PBXFileReference; lastKnownFileType = sourcecode.swift; path = AppDelegate.swift; sourceTree = "<group>"; };
		C0BACECC19D3027000DF2DB8 /* ViewController.swift */ = {isa = PBXFileReference; lastKnownFileType = sourcecode.swift; path = ViewController.swift; sourceTree = "<group>"; };
		C0BACEED19D30D2600DF2DB8 /* BTDiscovery.swift */ = {isa = PBXFileReference; fileEncoding = 4; lastKnownFileType = sourcecode.swift; name = BTDiscovery.swift; path = Classes/BTDiscovery.swift; sourceTree = "<group>"; };
/* End PBXFileReference section */

/* Begin PBXFrameworksBuildPhase section */
		C0BACEC219D3027000DF2DB8 /* Frameworks */ = {
			isa = PBXFrameworksBuildPhase;
			buildActionMask = 2147483647;
			files = (
			);
			runOnlyForDeploymentPostprocessing = 0;
		};
/* End PBXFrameworksBuildPhase section */

/* Begin PBXGroup section */
		C0BACEBC19D3027000DF2DB8 = {
			isa = PBXGroup;
			children = (
				C0BACEC719D3027000DF2DB8 /* Arduino_Servo */,
				C0BACEC619D3027000DF2DB8 /* Products */,
			);
			sourceTree = "<group>";
		};
		C0BACEC619D3027000DF2DB8 /* Products */ = {
			isa = PBXGroup;
			children = (
				C0BACEC519D3027000DF2DB8 /* Arduino_Servo.app */,
			);
			name = Products;
			sourceTree = "<group>";
		};
		C0BACEC719D3027000DF2DB8 /* Arduino_Servo */ = {
			isa = PBXGroup;
			children = (
				C0BACEEA19D30B9D00DF2DB8 /* Classes */,
				C0BACECA19D3027000DF2DB8 /* AppDelegate.swift */,
				C0BACECC19D3027000DF2DB8 /* ViewController.swift */,
				76DFEDA71D69069B0073136C /* ViewController.swift.bak */,
				76DFED981D65297E0073136C /* Main.storyboard */,
				C0BACEC819D3027000DF2DB8 /* Supporting Files */,
				76DFEDA51D680CBE0073136C /* Images.xcassets */,
			);
			path = Arduino_Servo;
			sourceTree = "<group>";
		};
		C0BACEC819D3027000DF2DB8 /* Supporting Files */ = {
			isa = PBXGroup;
			children = (
				C0BACEC919D3027000DF2DB8 /* Info.plist */,
			);
			name = "Supporting Files";
			sourceTree = "<group>";
		};
		C0BACEEA19D30B9D00DF2DB8 /* Classes */ = {
			isa = PBXGroup;
			children = (
				C0BACEED19D30D2600DF2DB8 /* BTDiscovery.swift */,
				C089C49319E90B910084D830 /* BTService.swift */,
			);
			name = Classes;
			sourceTree = "<group>";
		};
/* End PBXGroup section */

/* Begin PBXNativeTarget section */
		C0BACEC419D3027000DF2DB8 /* Arduino_Servo */ = {
			isa = PBXNativeTarget;
			buildConfigurationList = C0BACEE419D3027000DF2DB8 /* Build configuration list for PBXNativeTarget "Arduino_Servo" */;
			buildPhases = (
				C0BACEC119D3027000DF2DB8 /* Sources */,
				C0BACEC219D3027000DF2DB8 /* Frameworks */,
				C0BACEC319D3027000DF2DB8 /* Resources */,
			);
			buildRules = (
			);
			dependencies = (
			);
			name = Arduino_Servo;
			productName = Arduino_Servo;
			productReference = C0BACEC519D3027000DF2DB8 /* Arduino_Servo.app */;
			productType = "com.apple.product-type.application";
		};
/* End PBXNativeTarget section */

/* Begin PBXProject section */
		C0BACEBD19D3027000DF2DB8 /* Project object */ = {
			isa = PBXProject;
			attributes = {
				CLASSPREFIX = "";
				LastSwiftMigration = 0710;
				LastSwiftUpdateCheck = 0710;
				LastUpgradeCheck = 0710;
				ORGANIZATIONNAME = "Razeware LLC";
				TargetAttributes = {
					C0BACEC419D3027000DF2DB8 = {
						CreatedOnToolsVersion = 6.0.1;
						DevelopmentTeam = TH3ACB9272;
					};
				};
			};
			buildConfigurationList = C0BACEC019D3027000DF2DB8 /* Build configuration list for PBXProject "Arduino_Servo" */;
			compatibilityVersion = "Xcode 3.2";
			developmentRegion = English;
			hasScannedForEncodings = 0;
			knownRegions = (
				en,
				Base,
			);
			mainGroup = C0BACEBC19D3027000DF2DB8;
			productRefGroup = C0BACEC619D3027000DF2DB8 /* Products */;
			projectDirPath = "";
			projectRoot = "";
			targets = (
				C0BACEC419D3027000DF2DB8 /* Arduino_Servo */,
			);
		};
/* End PBXProject section */

/* Begin PBXResourcesBuildPhase section */
		C0BACEC319D3027000DF2DB8 /* Resources */ = {
			isa = PBXResourcesBuildPhase;
			buildActionMask = 2147483647;
			files = (
				76DFEDA81D69069B0073136C /* ViewController.swift.bak in Resources */,
				76DFEDA61D680CBE0073136C /* Images.xcassets in Resources */,
				76DFED9A1D65297E0073136C /* Main.storyboard in Resources */,
			);
			runOnlyForDeploymentPostprocessing = 0;
		};
/* End PBXResourcesBuildPhase section */

/* Begin PBXSourcesBuildPhase section */
		C0BACEC119D3027000DF2DB8 /* Sources */ = {
			isa = PBXSourcesBuildPhase;
			buildActionMask = 2147483647;
			files = (
				C0BACECD19D3027000DF2DB8 /* ViewController.swift in Sources */,
				C089C49419E90B910084D830 /* BTService.swift in Sources */,
				C0BACEEE19D30D2600DF2DB8 /* BTDiscovery.swift in Sources */,
				C0BACECB19D3027000DF2DB8 /* AppDelegate.swift in Sources */,
			);
			runOnlyForDeploymentPostprocessing = 0;
		};
/* End PBXSourcesBuildPhase section */

/* Begin PBXVariantGroup section */
		76DFED981D65297E0073136C /* Main.storyboard */ = {
			isa = PBXVariantGroup;
			children = (
				76DFED991D65297E0073136C /* Base */,
			);
			name = Main.storyboard;
			sourceTree = "<group>";
		};
/* End PBXVariantGroup section */

/* Begin XCBuildConfiguration section */
		C0BACEE219D3027000DF2DB8 /* Debug */ = {
			isa = XCBuildConfiguration;
			buildSettings = {
				ALWAYS_SEARCH_USER_PATHS = NO;
				CLANG_CXX_LANGUAGE_STANDARD = "gnu++0x";
				CLANG_CXX_LIBRARY = "libc++";
				CLANG_ENABLE_MODULES = YES;
				CLANG_ENABLE_OBJC_ARC = YES;
				CLANG_WARN_BOOL_CONVERSION = YES;
				CLANG_WARN_CONSTANT_CONVERSION = YES;
				CLANG_WARN_DIRECT_OBJC_ISA_USAGE = YES_ERROR;
				CLANG_WARN_EMPTY_BODY = YES;
				CLANG_WARN_ENUM_CONVERSION = YES;
				CLANG_WARN_INT_CONVERSION = YES;
				CLANG_WARN_OBJC_ROOT_CLASS = YES_ERROR;
				CLANG_WARN_UNREACHABLE_CODE = YES;
				CLANG_WARN__DUPLICATE_METHOD_MATCH = YES;
				CODE_SIGN_IDENTITY = "iPhone Developer: Owen Brown (Q6AFL7M8JJ)";
				"CODE_SIGN_IDENTITY[sdk=iphoneos*]" = "iPhone Developer";
				COPY_PHASE_STRIP = NO;
				ENABLE_STRICT_OBJC_MSGSEND = YES;
				ENABLE_TESTABILITY = YES;
				GCC_C_LANGUAGE_STANDARD = gnu99;
				GCC_DYNAMIC_NO_PIC = NO;
				GCC_OPTIMIZATION_LEVEL = 0;
				GCC_PREPROCESSOR_DEFINITIONS = (
					"DEBUG=1",
					"$(inherited)",
				);
				GCC_SYMBOLS_PRIVATE_EXTERN = NO;
				GCC_WARN_64_TO_32_BIT_CONVERSION = YES;
				GCC_WARN_ABOUT_RETURN_TYPE = YES_ERROR;
				GCC_WARN_UNDECLARED_SELECTOR = YES;
				GCC_WARN_UNINITIALIZED_AUTOS = YES_AGGRESSIVE;
				GCC_WARN_UNUSED_FUNCTION = YES;
				GCC_WARN_UNUSED_VARIABLE = YES;
				IPHONEOS_DEPLOYMENT_TARGET = 9.1;
				MTL_ENABLE_DEBUG_INFO = YES;
				ONLY_ACTIVE_ARCH = YES;
				SDKROOT = iphoneos;
				SWIFT_OPTIMIZATION_LEVEL = "-Onone";
			};
			name = Debug;
		};
		C0BACEE319D3027000DF2DB8 /* Release */ = {
			isa = XCBuildConfiguration;
			buildSettings = {
				ALWAYS_SEARCH_USER_PATHS = NO;
				CLANG_CXX_LANGUAGE_STANDARD = "gnu++0x";
				CLANG_CXX_LIBRARY = "libc++";
				CLANG_ENABLE_MODULES = YES;
				CLANG_ENABLE_OBJC_ARC = YES;
				CLANG_WARN_BOOL_CONVERSION = YES;
				CLANG_WARN_CONSTANT_CONVERSION = YES;
				CLANG_WARN_DIRECT_OBJC_ISA_USAGE = YES_ERROR;
				CLANG_WARN_EMPTY_BODY = YES;
				CLANG_WARN_ENUM_CONVERSION = YES;
				CLANG_WARN_INT_CONVERSION = YES;
				CLANG_WARN_OBJC_ROOT_CLASS = YES_ERROR;
				CLANG_WARN_UNREACHABLE_CODE = YES;
				CLANG_WARN__DUPLICATE_METHOD_MATCH = YES;
				CODE_SIGN_IDENTITY = "iPhone Developer: Owen Brown (Q6AFL7M8JJ)";
				"CODE_SIGN_IDENTITY[sdk=iphoneos*]" = "iPhone Developer";
				COPY_PHASE_STRIP = YES;
				ENABLE_NS_ASSERTIONS = NO;
				ENABLE_STRICT_OBJC_MSGSEND = YES;
				GCC_C_LANGUAGE_STANDARD = gnu99;
				GCC_WARN_64_TO_32_BIT_CONVERSION = YES;
				GCC_WARN_ABOUT_RETURN_TYPE = YES_ERROR;
				GCC_WARN_UNDECLARED_SELECTOR = YES;
				GCC_WARN_UNINITIALIZED_AUTOS = YES_AGGRESSIVE;
				GCC_WARN_UNUSED_FUNCTION = YES;
				GCC_WARN_UNUSED_VARIABLE = YES;
				IPHONEOS_DEPLOYMENT_TARGET = 9.1;
				MTL_ENABLE_DEBUG_INFO = NO;
				SDKROOT = iphoneos;
				VALIDATE_PRODUCT = YES;
			};
			name = Release;
		};
		C0BACEE519D3027000DF2DB8 /* Debug */ = {
			isa = XCBuildConfiguration;
			buildSettings = {
				CODE_SIGN_IDENTITY = "iPhone Developer";
				"CODE_SIGN_IDENTITY[sdk=iphoneos*]" = "iPhone Developer";
				EMBED_ASSET_PACKS_IN_PRODUCT_BUNDLE = YES;
				INFOPLIST_FILE = Arduino_Servo/Info.plist;
				IPHONEOS_DEPLOYMENT_TARGET = 9.2;
				LD_RUNPATH_SEARCH_PATHS = "$(inherited) @executable_path/Frameworks";
				PRODUCT_BUNDLE_IDENTIFIER = com.ryan.lush.btlePlay;
				PRODUCT_NAME = "$(TARGET_NAME)";
				PROVISIONING_PROFILE = "";
				TARGETED_DEVICE_FAMILY = 1;
			};
			name = Debug;
		};
		C0BACEE619D3027000DF2DB8 /* Release */ = {
			isa = XCBuildConfiguration;
			buildSettings = {
				CODE_SIGN_IDENTITY = "iPhone Developer";
				"CODE_SIGN_IDENTITY[sdk=iphoneos*]" = "iPhone Developer";
				EMBED_ASSET_PACKS_IN_PRODUCT_BUNDLE = YES;
				INFOPLIST_FILE = Arduino_Servo/Info.plist;
				IPHONEOS_DEPLOYMENT_TARGET = 9.2;
				LD_RUNPATH_SEARCH_PATHS = "$(inherited) @executable_path/Frameworks";
				PRODUCT_BUNDLE_IDENTIFIER = com.ryan.lush.btlePlay;
				PRODUCT_NAME = "$(TARGET_NAME)";
				PROVISIONING_PROFILE = "";
				TARGETED_DEVICE_FAMILY = 1;
			};
			name = Release;
		};
/* End XCBuildConfiguration section */

/* Begin XCConfigurationList section */
		C0BACEC019D3027000DF2DB8 /* Build configuration list for PBXProject "Arduino_Servo" */ = {
			isa = XCConfigurationList;
			buildConfigurations = (
				C0BACEE219D3027000DF2DB8 /* Debug */,
				C0BACEE319D3027000DF2DB8 /* Release */,
			);
			defaultConfigurationIsVisible = 0;
			defaultConfigurationName = Release;
		};
		C0BACEE419D3027000DF2DB8 /* Build configuration list for PBXNativeTarget "Arduino_Servo" */ = {
			isa = XCConfigurationList;
			buildConfigurations = (
				C0BACEE519D3027000DF2DB8 /* Debug */,
				C0BACEE619D3027000DF2DB8 /* Release */,
			);
			defaultConfigurationIsVisible = 0;
			defaultConfigurationName = Release;
		};
/* End XCConfigurationList section */
	};
	rootObject = C0BACEBD19D3027000DF2DB8 /* Project object */;
}
